# This file is autogenerated, do not edit; changes may be undone by the next 'dep ensure'.


[[projects]]
  name = "github.com/paulmach/go.geojson"
  packages = ["."]
  revision = "16c6a8e9da10025ce1b0c4515298e5bb4289a8c4"
  version = "v1.3"

[solve-meta]
  analyzer-name = "dep"
  analyzer-version = 1
  inputs-digest = "bf8ab31f15e413219a60c493763edb9d7fbbbae08c505b0a8c02594b9a9381b8"
  solver-name = "gps-cdcl"
  solver-version = 1
